# This file was autogenerated by uv via the following command:
#    uv pip compile requirements-dev.txt --python-version 3.11 -o requirements-dev.lock
annotated-doc==0.0.4
    # via typer
anyio==4.14.2
    # via httpx
appdirs==1.4.4
    # via yfinance
beautifulsoup4==4.15.0
    # via yfinance
certifi==2022.12.7
    # via
    #   httpcore
    #   httpx
    #   requests
charset-normalizer==2.1.1
    # via requests
click==8.4.2
    # via huggingface-hub
filelock==3.29.0
    # via
    #   huggingface-hub
    #   torch
fredapi==0.5.2
    # via -r requirements.txt
frozendict==2.4.7
    # via yfinance
fsspec==2026.4.0
    # via
    #   huggingface-hub
    #   torch
h11==0.16.0
    # via httpcore
hf-xet==1.5.2
    # via huggingface-hub
html5lib==1.1
    # via yfinance
httpcore==1.0.9
    # via httpx
httpx==0.28.1
    # via huggingface-hub
huggingface-hub==1.24.0
    # via
    #   tokenizers
    #   transformers
idna==3.4
    # via
    #   anyio
    #   httpx
    #   requests
iniconfig==2.3.0
    # via pytest
jinja2==3.1.6
    # via
    #   -r requirements.txt
    #   torch
lxml==6.1.1
    # via
    #   -r requirements.txt
    #   pandas-datareader
    #   pytrends
    #   yfinance
markdown-it-py==4.2.0
    # via rich
markupsafe==3.0.2
    # via jinja2
mdurl==0.1.2
    # via markdown-it-py
mpmath==1.3.0
    # via sympy
multitasking==0.0.13
    # via yfinance
narwhals==2.23.0
    # via plotly
networkx==3.6.1
    # via torch
numpy==2.4.4
    # via
    #   -r requirements.txt
    #   pandas
    #   scipy
    #   transformers
    #   yfinance
packaging==24.1
    # via
    #   huggingface-hub
    #   plotly
    #   pytest
    #   transformers
pandas==3.0.3
    # via
    #   -r requirements.txt
    #   fredapi
    #   pandas-datareader
    #   pytrends
    #   yfinance
pandas-datareader==0.11.1
    # via -r requirements.txt
plotly==6.9.0
    # via -r requirements.txt
pluggy==1.6.0
    # via pytest
psycopg2-binary==2.9.12
    # via -r requirements.txt
pyarrow==25.0.0
    # via -r requirements.txt
pygments==2.20.0
    # via
    #   pytest
    #   rich
pytest==9.1.1
    # via -r requirements-dev.txt
python-dateutil==2.9.0.post0
    # via pandas
python-dotenv==1.2.2
    # via -r requirements.txt
pytrends==4.9.2
    # via -r requirements.txt
pytz==2026.2
    # via yfinance
pyyaml==6.0.3
    # via
    #   -r requirements.txt
    #   huggingface-hub
    #   transformers
regex==2026.7.10
    # via transformers
requests==2.28.1
    # via
    #   -r requirements.txt
    #   pandas-datareader
    #   pytrends
    #   yfinance
rich==15.0.0
    # via typer
safetensors==0.8.0
    # via transformers
scipy==1.17.1
    # via -r requirements.txt
setuptools==78.1.0
    # via pandas-datareader
shellingham==1.5.4
    # via typer
six==1.17.0
    # via
    #   html5lib
    #   python-dateutil
soupsieve==2.8.4
    # via beautifulsoup4
sympy==1.14.0
    # via torch
tokenizers==0.22.2
    # via transformers
torch==2.2.2
    # via -r requirements.txt
tqdm==4.66.5
    # via
    #   huggingface-hub
    #   transformers
transformers==5.14.1
    # via -r requirements.txt
typer==0.27.0
    # via transformers
typing-extensions==4.15.0
    # via
    #   anyio
    #   beautifulsoup4
    #   huggingface-hub
    #   torch
urllib3==1.26.13
    # via requests
webencodings==0.5.1
    # via html5lib
yfinance==0.2.25
    # via -r requirements.txt
